
Microsoft Visual Studio Solution File, Format Version 12.00
# Visual Studio Version 16
VisualStudioVersion = 16.0.29102.190
MinimumVisualStudioVersion = 10.0.40219.1
Project("{FAE04EC0-301F-11D3-BF4B-00C04F79EFBC}") = "TH2_CoreRazerContoso", "TH2_CoreRazerContoso\TH2_CoreRazerContoso.csproj", "{C7CB5BB0-CE28-41AD-B530-813C980287FB}"
EndProject
Global
	GlobalSection(SolutionConfigurationPlatforms) = preSolution
		Debug|Any CPU = Debug|Any CPU
		Release|Any CPU = Release|Any CPU
	EndGlobalSection
	GlobalSection(ProjectConfigurationPlatforms) = postSolution
		{C7CB5BB0-CE28-41AD-B530-813C980287FB}.Debug|Any CPU.ActiveCfg = Debug|Any CPU
		{C7CB5BB0-CE28-41AD-B530-813C980287FB}.Debug|Any CPU.Build.0 = Debug|Any CPU
		{C7CB5BB0-CE28-41AD-B530-813C980287FB}.Release|Any CPU.ActiveCfg = Release|Any CPU
		{C7CB5BB0-CE28-41AD-B530-813C980287FB}.Release|Any CPU.Build.0 = Release|Any CPU
	EndGlobalSection
	GlobalSection(SolutionProperties) = preSolution
		HideSolutionNode = FALSE
	EndGlobalSection
	GlobalSection(ExtensibilityGlobals) = postSolution
		SolutionGuid = {11B37DA3-EE9B-4374-A9D6-13A2B143423D}
	EndGlobalSection
EndGlobal
